# THIS IS AN AUTOGENERATED FILE. DO NOT EDIT THIS FILE DIRECTLY.
# yarn lockfile v1


preact@^10.15.1:
  version "10.15.1"
  resolved "https://registry.yarnpkg.com/preact/-/preact-10.15.1.tgz#a1de60c9fc0c79a522d969c65dcaddc5d994eede"
  integrity sha512-qs2ansoQEwzNiV5eAcRT1p1EC/dmEzaATVDJNiB3g2sRDWdA7b7MurXdJjB2+/WQktGWZwxvDrnuRFbWuIr64g==
